
Microsoft Visual Studio Solution File, Format Version 12.00
# Visual Studio Version 17
VisualStudioVersion = 17.9.34728.123
MinimumVisualStudioVersion = 10.0.40219.1
Project("{FAE04EC0-301F-11D3-BF4B-00C04F79EFBC}") = "PROGRAMMING 741 C#", "PROGRAMMING 741 C#\PROGRAMMING 741 C#.csproj", "{AC66F9A7-F112-4EB5-BFE4-F8560790A03D}"
EndProject
Global
	GlobalSection(SolutionConfigurationPlatforms) = preSolution
		Debug|Any CPU = Debug|Any CPU
		Release|Any CPU = Release|Any CPU
	EndGlobalSection
	GlobalSection(ProjectConfigurationPlatforms) = postSolution
		{AC66F9A7-F112-4EB5-BFE4-F8560790A03D}.Debug|Any CPU.ActiveCfg = Debug|Any CPU
		{AC66F9A7-F112-4EB5-BFE4-F8560790A03D}.Debug|Any CPU.Build.0 = Debug|Any CPU
		{AC66F9A7-F112-4EB5-BFE4-F8560790A03D}.Release|Any CPU.ActiveCfg = Release|Any CPU
		{AC66F9A7-F112-4EB5-BFE4-F8560790A03D}.Release|Any CPU.Build.0 = Release|Any CPU
	EndGlobalSection
	GlobalSection(SolutionProperties) = preSolution
		HideSolutionNode = FALSE
	EndGlobalSection
	GlobalSection(ExtensibilityGlobals) = postSolution
		SolutionGuid = {AC7D91FC-D923-4BDC-A003-B5E942E9A255}
	EndGlobalSection
EndGlobal
